
Microsoft Visual Studio Solution File, Format Version 12.00
# Visual Studio Version 17
VisualStudioVersion = 17.9.34701.34
MinimumVisualStudioVersion = 10.0.40219.1
Project("{FAE04EC0-301F-11D3-BF4B-00C04F79EFBC}") = "ConsoleAppGitDay2VS", "ConsoleAppGitDay2VS\ConsoleAppGitDay2VS.csproj", "{C09E77D2-37D1-469E-8CA6-6DDD1C70754C}"
EndProject
Global
	GlobalSection(SolutionConfigurationPlatforms) = preSolution
		Debug|Any CPU = Debug|Any CPU
		Release|Any CPU = Release|Any CPU
	EndGlobalSection
	GlobalSection(ProjectConfigurationPlatforms) = postSolution
		{C09E77D2-37D1-469E-8CA6-6DDD1C70754C}.Debug|Any CPU.ActiveCfg = Debug|Any CPU
		{C09E77D2-37D1-469E-8CA6-6DDD1C70754C}.Debug|Any CPU.Build.0 = Debug|Any CPU
		{C09E77D2-37D1-469E-8CA6-6DDD1C70754C}.Release|Any CPU.ActiveCfg = Release|Any CPU
		{C09E77D2-37D1-469E-8CA6-6DDD1C70754C}.Release|Any CPU.Build.0 = Release|Any CPU
	EndGlobalSection
	GlobalSection(SolutionProperties) = preSolution
		HideSolutionNode = FALSE
	EndGlobalSection
	GlobalSection(ExtensibilityGlobals) = postSolution
		SolutionGuid = {7B42008E-90B3-41BD-BB96-B690E6AFAC2D}
	EndGlobalSection
EndGlobal
